
Microsoft Visual Studio Solution File, Format Version 12.00
# Visual Studio Version 16
VisualStudioVersion = 16.0.29709.97
MinimumVisualStudioVersion = 10.0.40219.1
Project("{8BC9CEB8-8B4A-11D0-8D11-00A0C91BC942}") = "DtPlay", "DtPlay.vcxproj", "{A8D2E6B9-18AC-47AB-ADDF-35921291704E}"
EndProject
Project("{8BC9CEB8-8B4A-11D0-8D11-00A0C91BC942}") = "libatsc3", "..\libatsc3\src\libatsc3.vcxproj", "{2907F29F-4C5F-4B7E-9271-5EA623CFCDDF}"
EndProject
Project("{8BC9CEB8-8B4A-11D0-8D11-00A0C91BC942}") = "srt_shared", "..\libatsc3\srt\_build\srt_shared.vcxproj", "{D7D610D0-DD83-3C5E-BFB6-B37A5ABA5181}"
EndProject
Project("{8BC9CEB8-8B4A-11D0-8D11-00A0C91BC942}") = "srt_virtual", "..\libatsc3\srt\_build\srt_virtual.vcxproj", "{2B5E84AC-611F-30B5-A388-146A849CC282}"
EndProject
Project("{8BC9CEB8-8B4A-11D0-8D11-00A0C91BC942}") = "libpcre2-8", "..\libatsc3\pcre2-win-build\build-VS2019\libpcre2-8\libpcre2-8.vcxproj", "{65C28DA0-C6AA-4EDE-A3C5-C3AB84903EAE}"
EndProject
Project("{8BC9CEB8-8B4A-11D0-8D11-00A0C91BC942}") = "libatsc3_tests", "libatsc3_tests\libatsc3_tests.vcxproj", "{F3A9F53E-0C02-4702-9151-36BA2D3BEC79}"
EndProject
Global
	GlobalSection(SolutionConfigurationPlatforms) = preSolution
		Debug|x64 = Debug|x64
		Debug|x86 = Debug|x86
		MinSizeRel|x64 = MinSizeRel|x64
		MinSizeRel|x86 = MinSizeRel|x86
		Release|x64 = Release|x64
		Release|x86 = Release|x86
		RelWithDebInfo|x64 = RelWithDebInfo|x64
		RelWithDebInfo|x86 = RelWithDebInfo|x86
	EndGlobalSection
	GlobalSection(ProjectConfigurationPlatforms) = postSolution
		{A8D2E6B9-18AC-47AB-ADDF-35921291704E}.Debug|x64.ActiveCfg = Debug|x64
		{A8D2E6B9-18AC-47AB-ADDF-35921291704E}.Debug|x64.Build.0 = Debug|x64
		{A8D2E6B9-18AC-47AB-ADDF-35921291704E}.Debug|x86.ActiveCfg = Debug|Win32
		{A8D2E6B9-18AC-47AB-ADDF-35921291704E}.Debug|x86.Build.0 = Debug|Win32
		{A8D2E6B9-18AC-47AB-ADDF-35921291704E}.MinSizeRel|x64.ActiveCfg = Release|x64
		{A8D2E6B9-18AC-47AB-ADDF-35921291704E}.MinSizeRel|x64.Build.0 = Release|x64
		{A8D2E6B9-18AC-47AB-ADDF-35921291704E}.MinSizeRel|x86.ActiveCfg = Release|Win32
		{A8D2E6B9-18AC-47AB-ADDF-35921291704E}.MinSizeRel|x86.Build.0 = Release|Win32
		{A8D2E6B9-18AC-47AB-ADDF-35921291704E}.Release|x64.ActiveCfg = Release|x64
		{A8D2E6B9-18AC-47AB-ADDF-35921291704E}.Release|x64.Build.0 = Release|x64
		{A8D2E6B9-18AC-47AB-ADDF-35921291704E}.Release|x86.ActiveCfg = Release|Win32
		{A8D2E6B9-18AC-47AB-ADDF-35921291704E}.Release|x86.Build.0 = Release|Win32
		{A8D2E6B9-18AC-47AB-ADDF-35921291704E}.RelWithDebInfo|x64.ActiveCfg = Release|x64
		{A8D2E6B9-18AC-47AB-ADDF-35921291704E}.RelWithDebInfo|x64.Build.0 = Release|x64
		{A8D2E6B9-18AC-47AB-ADDF-35921291704E}.RelWithDebInfo|x86.ActiveCfg = Release|Win32
		{A8D2E6B9-18AC-47AB-ADDF-35921291704E}.RelWithDebInfo|x86.Build.0 = Release|Win32
		{2907F29F-4C5F-4B7E-9271-5EA623CFCDDF}.Debug|x64.ActiveCfg = Debug|x64
		{2907F29F-4C5F-4B7E-9271-5EA623CFCDDF}.Debug|x64.Build.0 = Debug|x64
		{2907F29F-4C5F-4B7E-9271-5EA623CFCDDF}.Debug|x86.ActiveCfg = Debug|Win32
		{2907F29F-4C5F-4B7E-9271-5EA623CFCDDF}.Debug|x86.Build.0 = Debug|Win32
		{2907F29F-4C5F-4B7E-9271-5EA623CFCDDF}.MinSizeRel|x64.ActiveCfg = Release|x64
		{2907F29F-4C5F-4B7E-9271-5EA623CFCDDF}.MinSizeRel|x64.Build.0 = Release|x64
		{2907F29F-4C5F-4B7E-9271-5EA623CFCDDF}.MinSizeRel|x86.ActiveCfg = Release|Win32
		{2907F29F-4C5F-4B7E-9271-5EA623CFCDDF}.MinSizeRel|x86.Build.0 = Release|Win32
		{2907F29F-4C5F-4B7E-9271-5EA623CFCDDF}.Release|x64.ActiveCfg = Release|x64
		{2907F29F-4C5F-4B7E-9271-5EA623CFCDDF}.Release|x64.Build.0 = Release|x64
		{2907F29F-4C5F-4B7E-9271-5EA623CFCDDF}.Release|x86.ActiveCfg = Release|Win32
		{2907F29F-4C5F-4B7E-9271-5EA623CFCDDF}.Release|x86.Build.0 = Release|Win32
		{2907F29F-4C5F-4B7E-9271-5EA623CFCDDF}.RelWithDebInfo|x64.ActiveCfg = Release|x64
		{2907F29F-4C5F-4B7E-9271-5EA623CFCDDF}.RelWithDebInfo|x64.Build.0 = Release|x64
		{2907F29F-4C5F-4B7E-9271-5EA623CFCDDF}.RelWithDebInfo|x86.ActiveCfg = Release|Win32
		{2907F29F-4C5F-4B7E-9271-5EA623CFCDDF}.RelWithDebInfo|x86.Build.0 = Release|Win32
		{D7D610D0-DD83-3C5E-BFB6-B37A5ABA5181}.Debug|x64.ActiveCfg = Debug|x64
		{D7D610D0-DD83-3C5E-BFB6-B37A5ABA5181}.Debug|x64.Build.0 = Debug|x64
		{D7D610D0-DD83-3C5E-BFB6-B37A5ABA5181}.Debug|x86.ActiveCfg = Debug|x64
		{D7D610D0-DD83-3C5E-BFB6-B37A5ABA5181}.MinSizeRel|x64.ActiveCfg = MinSizeRel|x64
		{D7D610D0-DD83-3C5E-BFB6-B37A5ABA5181}.MinSizeRel|x64.Build.0 = MinSizeRel|x64
		{D7D610D0-DD83-3C5E-BFB6-B37A5ABA5181}.MinSizeRel|x86.ActiveCfg = MinSizeRel|x64
		{D7D610D0-DD83-3C5E-BFB6-B37A5ABA5181}.Release|x64.ActiveCfg = Release|x64
		{D7D610D0-DD83-3C5E-BFB6-B37A5ABA5181}.Release|x64.Build.0 = Release|x64
		{D7D610D0-DD83-3C5E-BFB6-B37A5ABA5181}.Release|x86.ActiveCfg = Release|x64
		{D7D610D0-DD83-3C5E-BFB6-B37A5ABA5181}.RelWithDebInfo|x64.ActiveCfg = RelWithDebInfo|x64
		{D7D610D0-DD83-3C5E-BFB6-B37A5ABA5181}.RelWithDebInfo|x64.Build.0 = RelWithDebInfo|x64
		{D7D610D0-DD83-3C5E-BFB6-B37A5ABA5181}.RelWithDebInfo|x86.ActiveCfg = RelWithDebInfo|x64
		{2B5E84AC-611F-30B5-A388-146A849CC282}.Debug|x64.ActiveCfg = Debug|x64
		{2B5E84AC-611F-30B5-A388-146A849CC282}.Debug|x64.Build.0 = Debug|x64
		{2B5E84AC-611F-30B5-A388-146A849CC282}.Debug|x86.ActiveCfg = Debug|x64
		{2B5E84AC-611F-30B5-A388-146A849CC282}.MinSizeRel|x64.ActiveCfg = MinSizeRel|x64
		{2B5E84AC-611F-30B5-A388-146A849CC282}.MinSizeRel|x64.Build.0 = MinSizeRel|x64
		{2B5E84AC-611F-30B5-A388-146A849CC282}.MinSizeRel|x86.ActiveCfg = MinSizeRel|x64
		{2B5E84AC-611F-30B5-A388-146A849CC282}.Release|x64.ActiveCfg = Release|x64
		{2B5E84AC-611F-30B5-A388-146A849CC282}.Release|x64.Build.0 = Release|x64
		{2B5E84AC-611F-30B5-A388-146A849CC282}.Release|x86.ActiveCfg = Release|x64
		{2B5E84AC-611F-30B5-A388-146A849CC282}.RelWithDebInfo|x64.ActiveCfg = RelWithDebInfo|x64
		{2B5E84AC-611F-30B5-A388-146A849CC282}.RelWithDebInfo|x64.Build.0 = RelWithDebInfo|x64
		{2B5E84AC-611F-30B5-A388-146A849CC282}.RelWithDebInfo|x86.ActiveCfg = RelWithDebInfo|x64
		{65C28DA0-C6AA-4EDE-A3C5-C3AB84903EAE}.Debug|x64.ActiveCfg = Debug|x64
		{65C28DA0-C6AA-4EDE-A3C5-C3AB84903EAE}.Debug|x64.Build.0 = Debug|x64
		{65C28DA0-C6AA-4EDE-A3C5-C3AB84903EAE}.Debug|x86.ActiveCfg = Debug|Win32
		{65C28DA0-C6AA-4EDE-A3C5-C3AB84903EAE}.Debug|x86.Build.0 = Debug|Win32
		{65C28DA0-C6AA-4EDE-A3C5-C3AB84903EAE}.MinSizeRel|x64.ActiveCfg = Release|x64
		{65C28DA0-C6AA-4EDE-A3C5-C3AB84903EAE}.MinSizeRel|x64.Build.0 = Release|x64
		{65C28DA0-C6AA-4EDE-A3C5-C3AB84903EAE}.MinSizeRel|x86.ActiveCfg = Release|Win32
		{65C28DA0-C6AA-4EDE-A3C5-C3AB84903EAE}.MinSizeRel|x86.Build.0 = Release|Win32
		{65C28DA0-C6AA-4EDE-A3C5-C3AB84903EAE}.Release|x64.ActiveCfg = Release|x64
		{65C28DA0-C6AA-4EDE-A3C5-C3AB84903EAE}.Release|x64.Build.0 = Release|x64
		{65C28DA0-C6AA-4EDE-A3C5-C3AB84903EAE}.Release|x86.ActiveCfg = Release|Win32
		{65C28DA0-C6AA-4EDE-A3C5-C3AB84903EAE}.Release|x86.Build.0 = Release|Win32
		{65C28DA0-C6AA-4EDE-A3C5-C3AB84903EAE}.RelWithDebInfo|x64.ActiveCfg = Release|x64
		{65C28DA0-C6AA-4EDE-A3C5-C3AB84903EAE}.RelWithDebInfo|x64.Build.0 = Release|x64
		{65C28DA0-C6AA-4EDE-A3C5-C3AB84903EAE}.RelWithDebInfo|x86.ActiveCfg = Release|Win32
		{65C28DA0-C6AA-4EDE-A3C5-C3AB84903EAE}.RelWithDebInfo|x86.Build.0 = Release|Win32
		{F3A9F53E-0C02-4702-9151-36BA2D3BEC79}.Debug|x64.ActiveCfg = Debug|x64
		{F3A9F53E-0C02-4702-9151-36BA2D3BEC79}.Debug|x64.Build.0 = Debug|x64
		{F3A9F53E-0C02-4702-9151-36BA2D3BEC79}.Debug|x86.ActiveCfg = Debug|Win32
		{F3A9F53E-0C02-4702-9151-36BA2D3BEC79}.Debug|x86.Build.0 = Debug|Win32
		{F3A9F53E-0C02-4702-9151-36BA2D3BEC79}.MinSizeRel|x64.ActiveCfg = Release|x64
		{F3A9F53E-0C02-4702-9151-36BA2D3BEC79}.MinSizeRel|x64.Build.0 = Release|x64
		{F3A9F53E-0C02-4702-9151-36BA2D3BEC79}.MinSizeRel|x86.ActiveCfg = Release|Win32
		{F3A9F53E-0C02-4702-9151-36BA2D3BEC79}.MinSizeRel|x86.Build.0 = Release|Win32
		{F3A9F53E-0C02-4702-9151-36BA2D3BEC79}.Release|x64.ActiveCfg = Release|x64
		{F3A9F53E-0C02-4702-9151-36BA2D3BEC79}.Release|x64.Build.0 = Release|x64
		{F3A9F53E-0C02-4702-9151-36BA2D3BEC79}.Release|x86.ActiveCfg = Release|Win32
		{F3A9F53E-0C02-4702-9151-36BA2D3BEC79}.Release|x86.Build.0 = Release|Win32
		{F3A9F53E-0C02-4702-9151-36BA2D3BEC79}.RelWithDebInfo|x64.ActiveCfg = Release|x64
		{F3A9F53E-0C02-4702-9151-36BA2D3BEC79}.RelWithDebInfo|x64.Build.0 = Release|x64
		{F3A9F53E-0C02-4702-9151-36BA2D3BEC79}.RelWithDebInfo|x86.ActiveCfg = Release|Win32
		{F3A9F53E-0C02-4702-9151-36BA2D3BEC79}.RelWithDebInfo|x86.Build.0 = Release|Win32
	EndGlobalSection
	GlobalSection(SolutionProperties) = preSolution
		HideSolutionNode = FALSE
	EndGlobalSection
	GlobalSection(ExtensibilityGlobals) = postSolution
		SolutionGuid = {578EF2BB-9BD8-4C59-86DB-731168B21698}
	EndGlobalSection
EndGlobal
